
Microsoft Visual Studio Solution File, Format Version 12.00
# Visual Studio Version 17
VisualStudioVersion = 17.13.35931.197
MinimumVisualStudioVersion = 10.0.40219.1
Project("{FAE04EC0-301F-11D3-BF4B-00C04F79EFBC}") = "SimplePark", "SimplePark\SimplePark.csproj", "{A94C968D-57FB-4B46-95A8-DA8421456F5B}"
EndProject
Project("{FAE04EC0-301F-11D3-BF4B-00C04F79EFBC}") = "cadastroUsuario", "cadastroUsuario\cadastroUsuario.csproj", "{9BD2D49A-D5D4-454B-B1FD-A3518DED84EA}"
EndProject
Global
	GlobalSection(SolutionConfigurationPlatforms) = preSolution
		Debug|Any CPU = Debug|Any CPU
		Release|Any CPU = Release|Any CPU
	EndGlobalSection
	GlobalSection(ProjectConfigurationPlatforms) = postSolution
		{A94C968D-57FB-4B46-95A8-DA8421456F5B}.Debug|Any CPU.ActiveCfg = Debug|Any CPU
		{A94C968D-57FB-4B46-95A8-DA8421456F5B}.Debug|Any CPU.Build.0 = Debug|Any CPU
		{A94C968D-57FB-4B46-95A8-DA8421456F5B}.Release|Any CPU.ActiveCfg = Release|Any CPU
		{A94C968D-57FB-4B46-95A8-DA8421456F5B}.Release|Any CPU.Build.0 = Release|Any CPU
		{9BD2D49A-D5D4-454B-B1FD-A3518DED84EA}.Debug|Any CPU.ActiveCfg = Debug|Any CPU
		{9BD2D49A-D5D4-454B-B1FD-A3518DED84EA}.Debug|Any CPU.Build.0 = Debug|Any CPU
		{9BD2D49A-D5D4-454B-B1FD-A3518DED84EA}.Release|Any CPU.ActiveCfg = Release|Any CPU
		{9BD2D49A-D5D4-454B-B1FD-A3518DED84EA}.Release|Any CPU.Build.0 = Release|Any CPU
	EndGlobalSection
	GlobalSection(SolutionProperties) = preSolution
		HideSolutionNode = FALSE
	EndGlobalSection
	GlobalSection(ExtensibilityGlobals) = postSolution
		SolutionGuid = {0F495409-E94E-4C9D-B127-B6D1F97FA387}
	EndGlobalSection
EndGlobal
